
Microsoft Visual Studio Solution File, Format Version 12.00
# Visual Studio Version 17
VisualStudioVersion = 17.4.33213.308
MinimumVisualStudioVersion = 10.0.40219.1
Project("{FAE04EC0-301F-11D3-BF4B-00C04F79EFBC}") = "GestionareMagazie", "GestionareMagazie\GestionareMagazie.csproj", "{3CC160CC-65A5-485F-9C3B-8F2D642ADA4C}"
EndProject
Global
	GlobalSection(SolutionConfigurationPlatforms) = preSolution
		Debug|Any CPU = Debug|Any CPU
		Release|Any CPU = Release|Any CPU
	EndGlobalSection
	GlobalSection(ProjectConfigurationPlatforms) = postSolution
		{3CC160CC-65A5-485F-9C3B-8F2D642ADA4C}.Debug|Any CPU.ActiveCfg = Debug|Any CPU
		{3CC160CC-65A5-485F-9C3B-8F2D642ADA4C}.Debug|Any CPU.Build.0 = Debug|Any CPU
		{3CC160CC-65A5-485F-9C3B-8F2D642ADA4C}.Release|Any CPU.ActiveCfg = Release|Any CPU
		{3CC160CC-65A5-485F-9C3B-8F2D642ADA4C}.Release|Any CPU.Build.0 = Release|Any CPU
	EndGlobalSection
	GlobalSection(SolutionProperties) = preSolution
		HideSolutionNode = FALSE
	EndGlobalSection
	GlobalSection(ExtensibilityGlobals) = postSolution
		SolutionGuid = {0D51C689-1728-41ED-AA15-06AC5E3788D9}
	EndGlobalSection
EndGlobal
